
Microsoft Visual Studio Solution File, Format Version 12.00
# Visual Studio 15
VisualStudioVersion = 15.0.27130.2024
MinimumVisualStudioVersion = 10.0.40219.1
Project("{FAE04EC0-301F-11D3-BF4B-00C04F79EFBC}") = "Innovic", "Innovic\Innovic.csproj", "{611250DF-B830-403A-935F-BB4744480830}"
EndProject
Global
	GlobalSection(SolutionConfigurationPlatforms) = preSolution
		Debug|Any CPU = Debug|Any CPU
		Release|Any CPU = Release|Any CPU
	EndGlobalSection
	GlobalSection(ProjectConfigurationPlatforms) = postSolution
		{611250DF-B830-403A-935F-BB4744480830}.Debug|Any CPU.ActiveCfg = Debug|Any CPU
		{611250DF-B830-403A-935F-BB4744480830}.Debug|Any CPU.Build.0 = Debug|Any CPU
		{611250DF-B830-403A-935F-BB4744480830}.Release|Any CPU.ActiveCfg = Release|Any CPU
		{611250DF-B830-403A-935F-BB4744480830}.Release|Any CPU.Build.0 = Release|Any CPU
	EndGlobalSection
	GlobalSection(SolutionProperties) = preSolution
		HideSolutionNode = FALSE
	EndGlobalSection
	GlobalSection(ExtensibilityGlobals) = postSolution
		SolutionGuid = {0D76B599-0FA0-4062-906D-60855E22CCBB}
	EndGlobalSection
EndGlobal
